
Microsoft Visual Studio Solution File, Format Version 12.00
# Visual Studio 15
VisualStudioVersion = 15.0.28010.2019
MinimumVisualStudioVersion = 10.0.40219.1
Project("{FAE04EC0-301F-11D3-BF4B-00C04F79EFBC}") = "kickbase-helper.Android", "kickbase-helper\kickbase-helper.Android\kickbase-helper.Android.csproj", "{75614389-2EA9-4746-A580-1863D885E439}"
EndProject
Project("{FAE04EC0-301F-11D3-BF4B-00C04F79EFBC}") = "kickbase-helper.iOS", "kickbase-helper\kickbase-helper.iOS\kickbase-helper.iOS.csproj", "{FE4C7718-CB19-4C42-8981-D0675E93E7AB}"
EndProject
Project("{FAE04EC0-301F-11D3-BF4B-00C04F79EFBC}") = "kickbase-helper", "kickbase-helper\kickbase-helper\kickbase-helper.csproj", "{026DAFF1-10BE-4D1D-B53C-4296BA577DD6}"
EndProject
Global
	GlobalSection(SolutionConfigurationPlatforms) = preSolution
		Ad-Hoc|Any CPU = Ad-Hoc|Any CPU
		Ad-Hoc|iPhone = Ad-Hoc|iPhone
		Ad-Hoc|iPhoneSimulator = Ad-Hoc|iPhoneSimulator
		AppStore|Any CPU = AppStore|Any CPU
		AppStore|iPhone = AppStore|iPhone
		AppStore|iPhoneSimulator = AppStore|iPhoneSimulator
		Debug|Any CPU = Debug|Any CPU
		Debug|iPhone = Debug|iPhone
		Debug|iPhoneSimulator = Debug|iPhoneSimulator
		Release|Any CPU = Release|Any CPU
		Release|iPhone = Release|iPhone
		Release|iPhoneSimulator = Release|iPhoneSimulator
	EndGlobalSection
	GlobalSection(ProjectConfigurationPlatforms) = postSolution
		{75614389-2EA9-4746-A580-1863D885E439}.Ad-Hoc|Any CPU.ActiveCfg = Release|Any CPU
		{75614389-2EA9-4746-A580-1863D885E439}.Ad-Hoc|Any CPU.Build.0 = Release|Any CPU
		{75614389-2EA9-4746-A580-1863D885E439}.Ad-Hoc|Any CPU.Deploy.0 = Release|Any CPU
		{75614389-2EA9-4746-A580-1863D885E439}.Ad-Hoc|iPhone.ActiveCfg = Release|Any CPU
		{75614389-2EA9-4746-A580-1863D885E439}.Ad-Hoc|iPhone.Build.0 = Release|Any CPU
		{75614389-2EA9-4746-A580-1863D885E439}.Ad-Hoc|iPhone.Deploy.0 = Release|Any CPU
		{75614389-2EA9-4746-A580-1863D885E439}.Ad-Hoc|iPhoneSimulator.ActiveCfg = Release|Any CPU
		{75614389-2EA9-4746-A580-1863D885E439}.Ad-Hoc|iPhoneSimulator.Build.0 = Release|Any CPU
		{75614389-2EA9-4746-A580-1863D885E439}.Ad-Hoc|iPhoneSimulator.Deploy.0 = Release|Any CPU
		{75614389-2EA9-4746-A580-1863D885E439}.AppStore|Any CPU.ActiveCfg = Release|Any CPU
		{75614389-2EA9-4746-A580-1863D885E439}.AppStore|Any CPU.Build.0 = Release|Any CPU
		{75614389-2EA9-4746-A580-1863D885E439}.AppStore|Any CPU.Deploy.0 = Release|Any CPU
		{75614389-2EA9-4746-A580-1863D885E439}.AppStore|iPhone.ActiveCfg = Release|Any CPU
		{75614389-2EA9-4746-A580-1863D885E439}.AppStore|iPhone.Build.0 = Release|Any CPU
		{75614389-2EA9-4746-A580-1863D885E439}.AppStore|iPhone.Deploy.0 = Release|Any CPU
		{75614389-2EA9-4746-A580-1863D885E439}.AppStore|iPhoneSimulator.ActiveCfg = Release|Any CPU
		{75614389-2EA9-4746-A580-1863D885E439}.AppStore|iPhoneSimulator.Build.0 = Release|Any CPU
		{75614389-2EA9-4746-A580-1863D885E439}.AppStore|iPhoneSimulator.Deploy.0 = Release|Any CPU
		{75614389-2EA9-4746-A580-1863D885E439}.Debug|Any CPU.ActiveCfg = Debug|Any CPU
		{75614389-2EA9-4746-A580-1863D885E439}.Debug|Any CPU.Build.0 = Debug|Any CPU
		{75614389-2EA9-4746-A580-1863D885E439}.Debug|Any CPU.Deploy.0 = Debug|Any CPU
		{75614389-2EA9-4746-A580-1863D885E439}.Debug|iPhone.ActiveCfg = Debug|Any CPU
		{75614389-2EA9-4746-A580-1863D885E439}.Debug|iPhone.Build.0 = Debug|Any CPU
		{75614389-2EA9-4746-A580-1863D885E439}.Debug|iPhone.Deploy.0 = Debug|Any CPU
		{75614389-2EA9-4746-A580-1863D885E439}.Debug|iPhoneSimulator.ActiveCfg = Debug|Any CPU
		{75614389-2EA9-4746-A580-1863D885E439}.Debug|iPhoneSimulator.Build.0 = Debug|Any CPU
		{75614389-2EA9-4746-A580-1863D885E439}.Debug|iPhoneSimulator.Deploy.0 = Debug|Any CPU
		{75614389-2EA9-4746-A580-1863D885E439}.Release|Any CPU.ActiveCfg = Release|Any CPU
		{75614389-2EA9-4746-A580-1863D885E439}.Release|Any CPU.Build.0 = Release|Any CPU
		{75614389-2EA9-4746-A580-1863D885E439}.Release|Any CPU.Deploy.0 = Release|Any CPU
		{75614389-2EA9-4746-A580-1863D885E439}.Release|iPhone.ActiveCfg = Release|Any CPU
		{75614389-2EA9-4746-A580-1863D885E439}.Release|iPhone.Build.0 = Release|Any CPU
		{75614389-2EA9-4746-A580-1863D885E439}.Release|iPhone.Deploy.0 = Release|Any CPU
		{75614389-2EA9-4746-A580-1863D885E439}.Release|iPhoneSimulator.ActiveCfg = Release|Any CPU
		{75614389-2EA9-4746-A580-1863D885E439}.Release|iPhoneSimulator.Build.0 = Release|Any CPU
		{75614389-2EA9-4746-A580-1863D885E439}.Release|iPhoneSimulator.Deploy.0 = Release|Any CPU
		{FE4C7718-CB19-4C42-8981-D0675E93E7AB}.Ad-Hoc|Any CPU.ActiveCfg = Ad-Hoc|iPhone
		{FE4C7718-CB19-4C42-8981-D0675E93E7AB}.Ad-Hoc|Any CPU.Build.0 = Ad-Hoc|iPhone
		{FE4C7718-CB19-4C42-8981-D0675E93E7AB}.Ad-Hoc|Any CPU.Deploy.0 = Ad-Hoc|iPhone
		{FE4C7718-CB19-4C42-8981-D0675E93E7AB}.Ad-Hoc|iPhone.ActiveCfg = Ad-Hoc|iPhone
		{FE4C7718-CB19-4C42-8981-D0675E93E7AB}.Ad-Hoc|iPhone.Build.0 = Ad-Hoc|iPhone
		{FE4C7718-CB19-4C42-8981-D0675E93E7AB}.Ad-Hoc|iPhone.Deploy.0 = Ad-Hoc|iPhone
		{FE4C7718-CB19-4C42-8981-D0675E93E7AB}.Ad-Hoc|iPhoneSimulator.ActiveCfg = Ad-Hoc|iPhoneSimulator
		{FE4C7718-CB19-4C42-8981-D0675E93E7AB}.Ad-Hoc|iPhoneSimulator.Build.0 = Ad-Hoc|iPhoneSimulator
		{FE4C7718-CB19-4C42-8981-D0675E93E7AB}.Ad-Hoc|iPhoneSimulator.Deploy.0 = Ad-Hoc|iPhoneSimulator
		{FE4C7718-CB19-4C42-8981-D0675E93E7AB}.AppStore|Any CPU.ActiveCfg = AppStore|iPhone
		{FE4C7718-CB19-4C42-8981-D0675E93E7AB}.AppStore|Any CPU.Build.0 = AppStore|iPhone
		{FE4C7718-CB19-4C42-8981-D0675E93E7AB}.AppStore|Any CPU.Deploy.0 = AppStore|iPhone
		{FE4C7718-CB19-4C42-8981-D0675E93E7AB}.AppStore|iPhone.ActiveCfg = AppStore|iPhone
		{FE4C7718-CB19-4C42-8981-D0675E93E7AB}.AppStore|iPhone.Build.0 = AppStore|iPhone
		{FE4C7718-CB19-4C42-8981-D0675E93E7AB}.AppStore|iPhone.Deploy.0 = AppStore|iPhone
		{FE4C7718-CB19-4C42-8981-D0675E93E7AB}.AppStore|iPhoneSimulator.ActiveCfg = AppStore|iPhoneSimulator
		{FE4C7718-CB19-4C42-8981-D0675E93E7AB}.AppStore|iPhoneSimulator.Build.0 = AppStore|iPhoneSimulator
		{FE4C7718-CB19-4C42-8981-D0675E93E7AB}.AppStore|iPhoneSimulator.Deploy.0 = AppStore|iPhoneSimulator
		{FE4C7718-CB19-4C42-8981-D0675E93E7AB}.Debug|Any CPU.ActiveCfg = Debug|iPhoneSimulator
		{FE4C7718-CB19-4C42-8981-D0675E93E7AB}.Debug|Any CPU.Build.0 = Debug|iPhoneSimulator
		{FE4C7718-CB19-4C42-8981-D0675E93E7AB}.Debug|Any CPU.Deploy.0 = Debug|iPhoneSimulator
		{FE4C7718-CB19-4C42-8981-D0675E93E7AB}.Debug|iPhone.ActiveCfg = Debug|iPhone
		{FE4C7718-CB19-4C42-8981-D0675E93E7AB}.Debug|iPhone.Build.0 = Debug|iPhone
		{FE4C7718-CB19-4C42-8981-D0675E93E7AB}.Debug|iPhone.Deploy.0 = Debug|iPhone
		{FE4C7718-CB19-4C42-8981-D0675E93E7AB}.Debug|iPhoneSimulator.ActiveCfg = Debug|iPhoneSimulator
		{FE4C7718-CB19-4C42-8981-D0675E93E7AB}.Debug|iPhoneSimulator.Build.0 = Debug|iPhoneSimulator
		{FE4C7718-CB19-4C42-8981-D0675E93E7AB}.Debug|iPhoneSimulator.Deploy.0 = Debug|iPhoneSimulator
		{FE4C7718-CB19-4C42-8981-D0675E93E7AB}.Release|Any CPU.ActiveCfg = Release|iPhone
		{FE4C7718-CB19-4C42-8981-D0675E93E7AB}.Release|Any CPU.Build.0 = Release|iPhone
		{FE4C7718-CB19-4C42-8981-D0675E93E7AB}.Release|Any CPU.Deploy.0 = Release|iPhone
		{FE4C7718-CB19-4C42-8981-D0675E93E7AB}.Release|iPhone.ActiveCfg = Release|iPhone
		{FE4C7718-CB19-4C42-8981-D0675E93E7AB}.Release|iPhone.Build.0 = Release|iPhone
		{FE4C7718-CB19-4C42-8981-D0675E93E7AB}.Release|iPhone.Deploy.0 = Release|iPhone
		{FE4C7718-CB19-4C42-8981-D0675E93E7AB}.Release|iPhoneSimulator.ActiveCfg = Release|iPhoneSimulator
		{FE4C7718-CB19-4C42-8981-D0675E93E7AB}.Release|iPhoneSimulator.Build.0 = Release|iPhoneSimulator
		{FE4C7718-CB19-4C42-8981-D0675E93E7AB}.Release|iPhoneSimulator.Deploy.0 = Release|iPhoneSimulator
		{026DAFF1-10BE-4D1D-B53C-4296BA577DD6}.Ad-Hoc|Any CPU.ActiveCfg = Debug|Any CPU
		{026DAFF1-10BE-4D1D-B53C-4296BA577DD6}.Ad-Hoc|Any CPU.Build.0 = Debug|Any CPU
		{026DAFF1-10BE-4D1D-B53C-4296BA577DD6}.Ad-Hoc|Any CPU.Deploy.0 = Debug|Any CPU
		{026DAFF1-10BE-4D1D-B53C-4296BA577DD6}.Ad-Hoc|iPhone.ActiveCfg = Debug|Any CPU
		{026DAFF1-10BE-4D1D-B53C-4296BA577DD6}.Ad-Hoc|iPhone.Build.0 = Debug|Any CPU
		{026DAFF1-10BE-4D1D-B53C-4296BA577DD6}.Ad-Hoc|iPhone.Deploy.0 = Debug|Any CPU
		{026DAFF1-10BE-4D1D-B53C-4296BA577DD6}.Ad-Hoc|iPhoneSimulator.ActiveCfg = Debug|Any CPU
		{026DAFF1-10BE-4D1D-B53C-4296BA577DD6}.Ad-Hoc|iPhoneSimulator.Build.0 = Debug|Any CPU
		{026DAFF1-10BE-4D1D-B53C-4296BA577DD6}.Ad-Hoc|iPhoneSimulator.Deploy.0 = Debug|Any CPU
		{026DAFF1-10BE-4D1D-B53C-4296BA577DD6}.AppStore|Any CPU.ActiveCfg = Debug|Any CPU
		{026DAFF1-10BE-4D1D-B53C-4296BA577DD6}.AppStore|Any CPU.Build.0 = Debug|Any CPU
		{026DAFF1-10BE-4D1D-B53C-4296BA577DD6}.AppStore|Any CPU.Deploy.0 = Debug|Any CPU
		{026DAFF1-10BE-4D1D-B53C-4296BA577DD6}.AppStore|iPhone.ActiveCfg = Debug|Any CPU
		{026DAFF1-10BE-4D1D-B53C-4296BA577DD6}.AppStore|iPhone.Build.0 = Debug|Any CPU
		{026DAFF1-10BE-4D1D-B53C-4296BA577DD6}.AppStore|iPhone.Deploy.0 = Debug|Any CPU
		{026DAFF1-10BE-4D1D-B53C-4296BA577DD6}.AppStore|iPhoneSimulator.ActiveCfg = Debug|Any CPU
		{026DAFF1-10BE-4D1D-B53C-4296BA577DD6}.AppStore|iPhoneSimulator.Build.0 = Debug|Any CPU
		{026DAFF1-10BE-4D1D-B53C-4296BA577DD6}.AppStore|iPhoneSimulator.Deploy.0 = Debug|Any CPU
		{026DAFF1-10BE-4D1D-B53C-4296BA577DD6}.Debug|Any CPU.ActiveCfg = Debug|Any CPU
		{026DAFF1-10BE-4D1D-B53C-4296BA577DD6}.Debug|Any CPU.Build.0 = Debug|Any CPU
		{026DAFF1-10BE-4D1D-B53C-4296BA577DD6}.Debug|Any CPU.Deploy.0 = Debug|Any CPU
		{026DAFF1-10BE-4D1D-B53C-4296BA577DD6}.Debug|iPhone.ActiveCfg = Debug|Any CPU
		{026DAFF1-10BE-4D1D-B53C-4296BA577DD6}.Debug|iPhone.Build.0 = Debug|Any CPU
		{026DAFF1-10BE-4D1D-B53C-4296BA577DD6}.Debug|iPhone.Deploy.0 = Debug|Any CPU
		{026DAFF1-10BE-4D1D-B53C-4296BA577DD6}.Debug|iPhoneSimulator.ActiveCfg = Debug|Any CPU
		{026DAFF1-10BE-4D1D-B53C-4296BA577DD6}.Debug|iPhoneSimulator.Build.0 = Debug|Any CPU
		{026DAFF1-10BE-4D1D-B53C-4296BA577DD6}.Debug|iPhoneSimulator.Deploy.0 = Debug|Any CPU
		{026DAFF1-10BE-4D1D-B53C-4296BA577DD6}.Release|Any CPU.ActiveCfg = Release|Any CPU
		{026DAFF1-10BE-4D1D-B53C-4296BA577DD6}.Release|Any CPU.Build.0 = Release|Any CPU
		{026DAFF1-10BE-4D1D-B53C-4296BA577DD6}.Release|Any CPU.Deploy.0 = Release|Any CPU
		{026DAFF1-10BE-4D1D-B53C-4296BA577DD6}.Release|iPhone.ActiveCfg = Release|Any CPU
		{026DAFF1-10BE-4D1D-B53C-4296BA577DD6}.Release|iPhone.Build.0 = Release|Any CPU
		{026DAFF1-10BE-4D1D-B53C-4296BA577DD6}.Release|iPhone.Deploy.0 = Release|Any CPU
		{026DAFF1-10BE-4D1D-B53C-4296BA577DD6}.Release|iPhoneSimulator.ActiveCfg = Release|Any CPU
		{026DAFF1-10BE-4D1D-B53C-4296BA577DD6}.Release|iPhoneSimulator.Build.0 = Release|Any CPU
		{026DAFF1-10BE-4D1D-B53C-4296BA577DD6}.Release|iPhoneSimulator.Deploy.0 = Release|Any CPU
	EndGlobalSection
	GlobalSection(SolutionProperties) = preSolution
		HideSolutionNode = FALSE
	EndGlobalSection
	GlobalSection(ExtensibilityGlobals) = postSolution
		SolutionGuid = {4205E19A-CEC3-4685-B736-9B72F19F191C}
	EndGlobalSection
EndGlobal
